{
  "name": "igv-widgets",
  "version": "1.0.6",
  "lockfileVersion": 1,
  "requires": true,
  "dependencies": {
    "btoa": {
      "version": "1.2.1",
      "resolved": "https://registry.npmjs.org/btoa/-/btoa-1.2.1.tgz",
      "integrity": "sha512-SB4/MIGlsiVkMcHmT+pSmIPoNDoHg+7cMzmt3Uxt628MTz2487DKSqK/fuhFBrkuqrYv5UCEnACpF4dTFNKc/g=="
    },
    "data-modal": {
      "version": "github:igvteam/data-modal#afe0925964373b5fa685eaf47f91484bee4770f0",
      "from": "github:igvteam/data-modal#v1.0.0"
    },
    "esm": {
      "version": "3.2.25",
      "resolved": "https://registry.npmjs.org/esm/-/esm-3.2.25.tgz",
      "integrity": "sha512-U1suiZ2oDVWv4zPO56S0NcR5QriEahGtdN2OR6FiOG4WJvcjBVFB0qI4+eKoWFH483PKGuLuu6V8Z4T5g63UVA=="
    },
    "igv-utils": {
      "version": "github:igvteam/igv-utils#0756ca2749acd80a04d82f3c47b64f7c94e580c4",
      "from": "github:igvteam/igv-utils#0756ca27",
      "requires": {
        "btoa": "^1.2.1",
        "esm": "^3.2.25"
      }
    }
  }
}
