{
  "name": "igv-widgets",
  "version": "1.0.0",
  "lockfileVersion": 1,
  "requires": true,
  "dependencies": {
    "@types/estree": {
      "version": "0.0.40",
      "resolved": "https://registry.npmjs.org/@types/estree/-/estree-0.0.40.tgz",
      "integrity": "sha512-p3KZgMto/JyxosKGmnLDJ/dG5wf+qTRMUjHJcspC2oQKa4jP7mz+tv0ND56lLBu3ojHlhzY33Ol+khLyNmilkA=="
    },
    "@types/node": {
      "version": "12.12.14",
      "resolved": "https://registry.npmjs.org/@types/node/-/node-12.12.14.tgz",
      "integrity": "sha512-u/SJDyXwuihpwjXy7hOOghagLEV1KdAST6syfnOk6QZAMzZuWZqXy5aYYZbh8Jdpd4escVFP0MvftHNDb9pruA=="
    },
    "acorn": {
      "version": "7.1.0",
      "resolved": "https://registry.npmjs.org/acorn/-/acorn-7.1.0.tgz",
      "integrity": "sha512-kL5CuoXA/dgxlBbVrflsflzQ3PAas7RYZB52NOm/6839iVYJgKMJ3cQJD+t2i5+qFa8h3MDpEOJiS64E8JLnSQ=="
    },
    "data-modal": {
      "version": "github:igvteam/data-modal#302f1f84bf1150e1be987f6292c06719f02fa5f3",
      "from": "github:igvteam/data-modal",
      "dev": true
    },
    "igv-ui": {
      "version": "github:igvteam/igv-ui#9cd9b5296eeea934e597e4fcb4704876db0a63f7",
      "from": "github:igvteam/igv-ui",
      "dev": true
    },
    "rollup": {
      "version": "1.27.8",
      "resolved": "https://registry.npmjs.org/rollup/-/rollup-1.27.8.tgz",
      "integrity": "sha512-EVoEV5rAWl+5clnGznt1KY8PeVkzVQh/R0d2s3gHEkN7gfoyC4JmvIVuCtPbYE8NM5Ep/g+nAmvKXBjzaqTsHA==",
      "requires": {
        "@types/estree": "*",
        "@types/node": "*",
        "acorn": "^7.1.0"
      }
    }
  }
}
