{
  "name": "igv-widgets",
  "version": "1.0.1",
  "lockfileVersion": 1,
  "requires": true,
  "dependencies": {
    "btoa": {
      "version": "1.2.1",
      "resolved": "https://registry.npmjs.org/btoa/-/btoa-1.2.1.tgz",
      "integrity": "sha512-SB4/MIGlsiVkMcHmT+pSmIPoNDoHg+7cMzmt3Uxt628MTz2487DKSqK/fuhFBrkuqrYv5UCEnACpF4dTFNKc/g=="
    },
    "data-modal": {
      "version": "github:igvteam/data-modal#c10ee0c2da5c879ee7e19c96d014ad8e8fb5c15d",
      "from": "github:igvteam/data-modal"
    },
    "esm": {
      "version": "3.2.25",
      "resolved": "https://registry.npmjs.org/esm/-/esm-3.2.25.tgz",
      "integrity": "sha512-U1suiZ2oDVWv4zPO56S0NcR5QriEahGtdN2OR6FiOG4WJvcjBVFB0qI4+eKoWFH483PKGuLuu6V8Z4T5g63UVA=="
    },
    "igv-utils": {
      "version": "github:igvteam/igv-utils#b5c77cb841f02f192fdddfcfe8ea12834130b763",
      "from": "github:igvteam/igv-utils",
      "requires": {
        "btoa": "^1.2.1",
        "esm": "^3.2.25"
      }
    }
  }
}
